// !$*UTF8*$!
{
	archiveVersion = 1;
	classes = {
	};
	objectVersion = 52;
	objects = {

/* Begin PBXBuildFile section */
		61FD273C1CC03D34CD1A8C43 /* XCTestManifests.swift in Sources */ = {isa = PBXBuildFile; fileRef = C4F93E921E746157019856A7 /* XCTestManifests.swift */; };
		8503749426C636810074856E /* Framezilla.xcframework in Frameworks */ = {isa = PBXBuildFile; fileRef = 8503746F26C62BBC0074856E /* Framezilla.xcframework */; };
		8503749826C647D90074856E /* AVCapturePhoto+Convenience.swift in Sources */ = {isa = PBXBuildFile; fileRef = 8503749726C647D90074856E /* AVCapturePhoto+Convenience.swift */; };
		8546495C266A27AA00B2D449 /* Assets.xcassets in Resources */ = {isa = PBXBuildFile; fileRef = 8546495B266A27AA00B2D449 /* Assets.xcassets */; };
		854A25C4268DB14300670FDD /* BaseHighlightedButton.swift in Sources */ = {isa = PBXBuildFile; fileRef = 854A25C3268DB14300670FDD /* BaseHighlightedButton.swift */; };
		8576542E27ED800700506784 /* UIImage+Orientation.swift in Sources */ = {isa = PBXBuildFile; fileRef = 8576542D27ED800700506784 /* UIImage+Orientation.swift */; };
		858FBA1126B7F9AA00AAFA04 /* CaptureMode.swift in Sources */ = {isa = PBXBuildFile; fileRef = 858FBA1026B7F9AA00AAFA04 /* CaptureMode.swift */; };
		85BD0D112644E4B2004EA51B /* Camera.swift in Sources */ = {isa = PBXBuildFile; fileRef = 85BD0D0F2644E4B2004EA51B /* Camera.swift */; };
		85BD0D122644E4B2004EA51B /* CameraImpl.swift in Sources */ = {isa = PBXBuildFile; fileRef = 85BD0D102644E4B2004EA51B /* CameraImpl.swift */; };
		85BD0D162644E4C9004EA51B /* CameraError.swift in Sources */ = {isa = PBXBuildFile; fileRef = 85BD0D152644E4C9004EA51B /* CameraError.swift */; };
		85BD0D1A2644E750004EA51B /* Comparable+Convenience.swift in Sources */ = {isa = PBXBuildFile; fileRef = 85BD0D192644E750004EA51B /* Comparable+Convenience.swift */; };
		85BD0D292644EC05004EA51B /* CameraViewController.swift in Sources */ = {isa = PBXBuildFile; fileRef = 85BD0D282644EC05004EA51B /* CameraViewController.swift */; };
		85ECFAB926943CA4003BAA69 /* ScreenVariable.swift in Sources */ = {isa = PBXBuildFile; fileRef = 85ECFAAD26943CA4003BAA69 /* ScreenVariable.swift */; };
		85ECFABA26943CA4003BAA69 /* ConditionValue.swift in Sources */ = {isa = PBXBuildFile; fileRef = 85ECFAAE26943CA4003BAA69 /* ConditionValue.swift */; };
		85ECFABB26943CA4003BAA69 /* ConditionVariable.swift in Sources */ = {isa = PBXBuildFile; fileRef = 85ECFAAF26943CA4003BAA69 /* ConditionVariable.swift */; };
		CB535DF20E5DB844DB8BB3E3 /* RcamTests.swift in Sources */ = {isa = PBXBuildFile; fileRef = 6BB92FA485B028B3B9F93292 /* RcamTests.swift */; };
		EC483750482CAE907F9C52D1 /* FooterView.swift in Sources */ = {isa = PBXBuildFile; fileRef = EC46513D11D72572AE284A83 /* FooterView.swift */; };
		EC4A3A0D5613A4BB9BF61718 /* ZoomLabelView.swift in Sources */ = {isa = PBXBuildFile; fileRef = EC4F2AECF6E2E4DE8A8FC2CD /* ZoomLabelView.swift */; };
		EC4E195354F82B508DF83214 /* DefaultPermissionsPlaceholderView.swift in Sources */ = {isa = PBXBuildFile; fileRef = EC4DC0503068D4D4FB7D05FC /* DefaultPermissionsPlaceholderView.swift */; };
/* End PBXBuildFile section */

/* Begin PBXFileReference section */
		6BB92FA485B028B3B9F93292 /* RcamTests.swift */ = {isa = PBXFileReference; lastKnownFileType = sourcecode.swift; path = RcamTests.swift; sourceTree = "<group>"; };
		8503746F26C62BBC0074856E /* Framezilla.xcframework */ = {isa = PBXFileReference; lastKnownFileType = wrapper.xcframework; name = Framezilla.xcframework; path = Carthage/Build/Framezilla.xcframework; sourceTree = "<group>"; };
		8503749726C647D90074856E /* AVCapturePhoto+Convenience.swift */ = {isa = PBXFileReference; lastKnownFileType = sourcecode.swift; path = "AVCapturePhoto+Convenience.swift"; sourceTree = "<group>"; };
		854648E92669E14600B2D449 /* Info.plist */ = {isa = PBXFileReference; lastKnownFileType = text.plist.xml; name = Info.plist; path = Sources/Rcam/Info.plist; sourceTree = SOURCE_ROOT; };
		8546495B266A27AA00B2D449 /* Assets.xcassets */ = {isa = PBXFileReference; lastKnownFileType = folder.assetcatalog; path = Assets.xcassets; sourceTree = "<group>"; };
		854A25C3268DB14300670FDD /* BaseHighlightedButton.swift */ = {isa = PBXFileReference; fileEncoding = 4; lastKnownFileType = sourcecode.swift; path = BaseHighlightedButton.swift; sourceTree = "<group>"; };
		8576542D27ED800700506784 /* UIImage+Orientation.swift */ = {isa = PBXFileReference; lastKnownFileType = sourcecode.swift; path = "UIImage+Orientation.swift"; sourceTree = "<group>"; };
		858FBA1026B7F9AA00AAFA04 /* CaptureMode.swift */ = {isa = PBXFileReference; lastKnownFileType = sourcecode.swift; path = CaptureMode.swift; sourceTree = "<group>"; };
		85BD0D0F2644E4B2004EA51B /* Camera.swift */ = {isa = PBXFileReference; fileEncoding = 4; lastKnownFileType = sourcecode.swift; path = Camera.swift; sourceTree = "<group>"; };
		85BD0D102644E4B2004EA51B /* CameraImpl.swift */ = {isa = PBXFileReference; fileEncoding = 4; lastKnownFileType = sourcecode.swift; path = CameraImpl.swift; sourceTree = "<group>"; };
		85BD0D152644E4C9004EA51B /* CameraError.swift */ = {isa = PBXFileReference; fileEncoding = 4; lastKnownFileType = sourcecode.swift; path = CameraError.swift; sourceTree = "<group>"; };
		85BD0D192644E750004EA51B /* Comparable+Convenience.swift */ = {isa = PBXFileReference; fileEncoding = 4; lastKnownFileType = sourcecode.swift; path = "Comparable+Convenience.swift"; sourceTree = "<group>"; };
		85BD0D282644EC05004EA51B /* CameraViewController.swift */ = {isa = PBXFileReference; lastKnownFileType = sourcecode.swift; path = CameraViewController.swift; sourceTree = "<group>"; };
		85ECFAAD26943CA4003BAA69 /* ScreenVariable.swift */ = {isa = PBXFileReference; fileEncoding = 4; lastKnownFileType = sourcecode.swift; path = ScreenVariable.swift; sourceTree = "<group>"; };
		85ECFAAE26943CA4003BAA69 /* ConditionValue.swift */ = {isa = PBXFileReference; fileEncoding = 4; lastKnownFileType = sourcecode.swift; path = ConditionValue.swift; sourceTree = "<group>"; };
		85ECFAAF26943CA4003BAA69 /* ConditionVariable.swift */ = {isa = PBXFileReference; fileEncoding = 4; lastKnownFileType = sourcecode.swift; path = ConditionVariable.swift; sourceTree = "<group>"; };
		A39732480DCE7C253EFD70F1 /* RCamTests.xctest */ = {isa = PBXFileReference; explicitFileType = wrapper.cfbundle; includeInIndex = 0; path = RCamTests.xctest; sourceTree = BUILT_PRODUCTS_DIR; };
		C35189C2A2390F683ABEFDEC /* RCam.framework */ = {isa = PBXFileReference; explicitFileType = wrapper.framework; includeInIndex = 0; path = RCam.framework; sourceTree = BUILT_PRODUCTS_DIR; };
		C4F93E921E746157019856A7 /* XCTestManifests.swift */ = {isa = PBXFileReference; lastKnownFileType = sourcecode.swift; path = XCTestManifests.swift; sourceTree = "<group>"; };
		EC46513D11D72572AE284A83 /* FooterView.swift */ = {isa = PBXFileReference; fileEncoding = 4; lastKnownFileType = sourcecode.swift; path = FooterView.swift; sourceTree = "<group>"; };
		EC4DC0503068D4D4FB7D05FC /* DefaultPermissionsPlaceholderView.swift */ = {isa = PBXFileReference; fileEncoding = 4; lastKnownFileType = sourcecode.swift; path = DefaultPermissionsPlaceholderView.swift; sourceTree = "<group>"; };
		EC4F2AECF6E2E4DE8A8FC2CD /* ZoomLabelView.swift */ = {isa = PBXFileReference; fileEncoding = 4; lastKnownFileType = sourcecode.swift; path = ZoomLabelView.swift; sourceTree = "<group>"; };
/* End PBXFileReference section */

/* Begin PBXFrameworksBuildPhase section */
		854649232669E88200B2D449 /* Frameworks */ = {
			isa = PBXFrameworksBuildPhase;
			buildActionMask = 2147483647;
			files = (
				8503749426C636810074856E /* Framezilla.xcframework in Frameworks */,
			);
			runOnlyForDeploymentPostprocessing = 0;
		};
/* End PBXFrameworksBuildPhase section */

/* Begin PBXGroup section */
		2028882D154125601B72F1E4 = {
			isa = PBXGroup;
			children = (
				30F49E393A6C76CD0B1ED8A4 /* RCam */,
				475449E8585D8C7D3966089C /* RcamTests */,
				7FDA6447F0BA6E21E1B00045 /* Products */,
				85B86CB12644FFBF006FA596 /* Frameworks */,
			);
			sourceTree = "<group>";
		};
		30F49E393A6C76CD0B1ED8A4 /* RCam */ = {
			isa = PBXGroup;
			children = (
				8546495B266A27AA00B2D449 /* Assets.xcassets */,
				854648E92669E14600B2D449 /* Info.plist */,
				85BD0D1F2644E8E9004EA51B /* Presentation */,
				85BD0D1E2644E819004EA51B /* Extensions */,
				85BD0D1D2644E811004EA51B /* Core */,
			);
			name = RCam;
			path = Sources/RCam;
			sourceTree = "<group>";
		};
		475449E8585D8C7D3966089C /* RcamTests */ = {
			isa = PBXGroup;
			children = (
				6BB92FA485B028B3B9F93292 /* RcamTests.swift */,
				C4F93E921E746157019856A7 /* XCTestManifests.swift */,
			);
			name = RcamTests;
			path = Tests/RcamTests;
			sourceTree = "<group>";
		};
		7FDA6447F0BA6E21E1B00045 /* Products */ = {
			isa = PBXGroup;
			children = (
				C35189C2A2390F683ABEFDEC /* RCam.framework */,
				A39732480DCE7C253EFD70F1 /* RCamTests.xctest */,
			);
			name = Products;
			sourceTree = "<group>";
		};
		85B86CB12644FFBF006FA596 /* Frameworks */ = {
			isa = PBXGroup;
			children = (
				8503746F26C62BBC0074856E /* Framezilla.xcframework */,
			);
			name = Frameworks;
			sourceTree = "<group>";
		};
		85BD0D1D2644E811004EA51B /* Core */ = {
			isa = PBXGroup;
			children = (
				85ECFA9F26943CA4003BAA69 /* Variable */,
				85BD0D152644E4C9004EA51B /* CameraError.swift */,
				85BD0D0F2644E4B2004EA51B /* Camera.swift */,
				85BD0D102644E4B2004EA51B /* CameraImpl.swift */,
				858FBA1026B7F9AA00AAFA04 /* CaptureMode.swift */,
			);
			path = Core;
			sourceTree = "<group>";
		};
		85BD0D1E2644E819004EA51B /* Extensions */ = {
			isa = PBXGroup;
			children = (
				85BD0D192644E750004EA51B /* Comparable+Convenience.swift */,
				8503749726C647D90074856E /* AVCapturePhoto+Convenience.swift */,
				8576542D27ED800700506784 /* UIImage+Orientation.swift */,
			);
			path = Extensions;
			sourceTree = "<group>";
		};
		85BD0D1F2644E8E9004EA51B /* Presentation */ = {
			isa = PBXGroup;
			children = (
				854A25C3268DB14300670FDD /* BaseHighlightedButton.swift */,
				85BD0D282644EC05004EA51B /* CameraViewController.swift */,
				EC48DC548A356DEE82F36788 /* Views */,
			);
			path = Presentation;
			sourceTree = "<group>";
		};
		85ECFA9F26943CA4003BAA69 /* Variable */ = {
			isa = PBXGroup;
			children = (
				85ECFAAC26943CA4003BAA69 /* DefaultVariables */,
				85ECFAAE26943CA4003BAA69 /* ConditionValue.swift */,
				85ECFAAF26943CA4003BAA69 /* ConditionVariable.swift */,
			);
			path = Variable;
			sourceTree = "<group>";
		};
		85ECFAAC26943CA4003BAA69 /* DefaultVariables */ = {
			isa = PBXGroup;
			children = (
				85ECFAAD26943CA4003BAA69 /* ScreenVariable.swift */,
			);
			path = DefaultVariables;
			sourceTree = "<group>";
		};
		EC48DC548A356DEE82F36788 /* Views */ = {
			isa = PBXGroup;
			children = (
				EC4F2AECF6E2E4DE8A8FC2CD /* ZoomLabelView.swift */,
				EC46513D11D72572AE284A83 /* FooterView.swift */,
				EC4DC0503068D4D4FB7D05FC /* DefaultPermissionsPlaceholderView.swift */,
			);
			path = Views;
			sourceTree = "<group>";
		};
/* End PBXGroup section */

/* Begin PBXNativeTarget section */
		50F42E89F5FC776DC827A429 /* RCam */ = {
			isa = PBXNativeTarget;
			buildConfigurationList = 94A80234A6F09CB0778BFC2B /* Build configuration list for PBXNativeTarget "RCam" */;
			buildPhases = (
				55C8F05E8757EDCE8D165E72 /* Sources */,
				854649232669E88200B2D449 /* Frameworks */,
				8546495A266A278000B2D449 /* Resources */,
			);
			buildRules = (
			);
			dependencies = (
			);
			name = RCam;
			productName = Rcam;
			productReference = C35189C2A2390F683ABEFDEC /* RCam.framework */;
			productType = "com.apple.product-type.framework";
		};
		A44215D68FDB93E086664B62 /* RCamTests */ = {
			isa = PBXNativeTarget;
			buildConfigurationList = 590EC5910AE0EC61E81271EB /* Build configuration list for PBXNativeTarget "RCamTests" */;
			buildPhases = (
				451EC774E8BBF8133992BD92 /* Sources */,
				E55F0ADBBB4BF2D48810E9A3 /* Swiftlint */,
			);
			buildRules = (
			);
			dependencies = (
			);
			name = RCamTests;
			productName = RcamTests;
			productReference = A39732480DCE7C253EFD70F1 /* RCamTests.xctest */;
			productType = "com.apple.product-type.bundle.unit-test";
		};
/* End PBXNativeTarget section */

/* Begin PBXProject section */
		BCB23A8B419CD6BF9FC6AE96 /* Project object */ = {
			isa = PBXProject;
			attributes = {
				LastUpgradeCheck = 1020;
				TargetAttributes = {
					50F42E89F5FC776DC827A429 = {
						LastSwiftMigration = 1220;
					};
				};
			};
			buildConfigurationList = 3FAF1842C6C01F2145F16C56 /* Build configuration list for PBXProject "RCam" */;
			compatibilityVersion = "Xcode 10.0";
			developmentRegion = en;
			hasScannedForEncodings = 0;
			knownRegions = (
				en,
			);
			mainGroup = 2028882D154125601B72F1E4;
			projectDirPath = "";
			projectRoot = "";
			targets = (
				50F42E89F5FC776DC827A429 /* RCam */,
				A44215D68FDB93E086664B62 /* RCamTests */,
			);
		};
/* End PBXProject section */

/* Begin PBXResourcesBuildPhase section */
		8546495A266A278000B2D449 /* Resources */ = {
			isa = PBXResourcesBuildPhase;
			buildActionMask = 2147483647;
			files = (
				8546495C266A27AA00B2D449 /* Assets.xcassets in Resources */,
			);
			runOnlyForDeploymentPostprocessing = 0;
		};
/* End PBXResourcesBuildPhase section */

/* Begin PBXShellScriptBuildPhase section */
		E55F0ADBBB4BF2D48810E9A3 /* Swiftlint */ = {
			isa = PBXShellScriptBuildPhase;
			buildActionMask = 2147483647;
			files = (
			);
			inputFileListPaths = (
			);
			inputPaths = (
			);
			name = Swiftlint;
			outputFileListPaths = (
			);
			outputPaths = (
			);
			runOnlyForDeploymentPostprocessing = 0;
			shellPath = /bin/sh;
			shellScript = swiftlint;
		};
/* End PBXShellScriptBuildPhase section */

/* Begin PBXSourcesBuildPhase section */
		451EC774E8BBF8133992BD92 /* Sources */ = {
			isa = PBXSourcesBuildPhase;
			buildActionMask = 2147483647;
			files = (
				CB535DF20E5DB844DB8BB3E3 /* RcamTests.swift in Sources */,
				61FD273C1CC03D34CD1A8C43 /* XCTestManifests.swift in Sources */,
			);
			runOnlyForDeploymentPostprocessing = 0;
		};
		55C8F05E8757EDCE8D165E72 /* Sources */ = {
			isa = PBXSourcesBuildPhase;
			buildActionMask = 2147483647;
			files = (
				85BD0D122644E4B2004EA51B /* CameraImpl.swift in Sources */,
				85BD0D1A2644E750004EA51B /* Comparable+Convenience.swift in Sources */,
				8576542E27ED800700506784 /* UIImage+Orientation.swift in Sources */,
				8503749826C647D90074856E /* AVCapturePhoto+Convenience.swift in Sources */,
				85ECFABB26943CA4003BAA69 /* ConditionVariable.swift in Sources */,
				85ECFAB926943CA4003BAA69 /* ScreenVariable.swift in Sources */,
				854A25C4268DB14300670FDD /* BaseHighlightedButton.swift in Sources */,
				85BD0D112644E4B2004EA51B /* Camera.swift in Sources */,
				85BD0D292644EC05004EA51B /* CameraViewController.swift in Sources */,
				858FBA1126B7F9AA00AAFA04 /* CaptureMode.swift in Sources */,
				85BD0D162644E4C9004EA51B /* CameraError.swift in Sources */,
				85ECFABA26943CA4003BAA69 /* ConditionValue.swift in Sources */,
				EC4A3A0D5613A4BB9BF61718 /* ZoomLabelView.swift in Sources */,
				EC483750482CAE907F9C52D1 /* FooterView.swift in Sources */,
				EC4E195354F82B508DF83214 /* DefaultPermissionsPlaceholderView.swift in Sources */,
			);
			runOnlyForDeploymentPostprocessing = 0;
		};
/* End PBXSourcesBuildPhase section */

/* Begin XCBuildConfiguration section */
		06F4EE1C2CB73603ABBBFCDF /* Debug */ = {
			isa = XCBuildConfiguration;
			buildSettings = {
				BUNDLE_LOADER = "$(TEST_HOST)";
				INFOPLIST_FILE = Rcam.xcodeproj/RcamTests.plist;
				IPHONEOS_DEPLOYMENT_TARGET = 12.0;
				LD_RUNPATH_SEARCH_PATHS = (
					"$(inherited)",
					"@executable_path/Frameworks",
					"@loader_path/Frameworks",
				);
				PRODUCT_BUNDLE_IDENTIFIER = com.rosberry.RcamTests;
				PRODUCT_NAME = RCamTests;
				SDKROOT = iphoneos;
				TARGETED_DEVICE_FAMILY = "1,2";
			};
			name = Debug;
		};
		4168EEC09D1CE37B9A925EA1 /* Debug */ = {
			isa = XCBuildConfiguration;
			buildSettings = {
				ALWAYS_SEARCH_USER_PATHS = NO;
				CLANG_ANALYZER_NONNULL = YES;
				CLANG_ANALYZER_NUMBER_OBJECT_CONVERSION = YES_AGGRESSIVE;
				CLANG_CXX_LANGUAGE_STANDARD = "gnu++14";
				CLANG_CXX_LIBRARY = "libc++";
				CLANG_ENABLE_MODULES = YES;
				CLANG_ENABLE_OBJC_ARC = YES;
				CLANG_WARN_BLOCK_CAPTURE_AUTORELEASING = YES;
				CLANG_WARN_BOOL_CONVERSION = YES;
				CLANG_WARN_COMMA = YES;
				CLANG_WARN_CONSTANT_CONVERSION = YES;
				CLANG_WARN_DEPRECATED_OBJC_IMPLEMENTATIONS = YES;
				CLANG_WARN_DIRECT_OBJC_ISA_USAGE = YES_ERROR;
				CLANG_WARN_DOCUMENTATION_COMMENTS = YES;
				CLANG_WARN_EMPTY_BODY = YES;
				CLANG_WARN_ENUM_CONVERSION = YES;
				CLANG_WARN_INFINITE_RECURSION = YES;
				CLANG_WARN_INT_CONVERSION = YES;
				CLANG_WARN_NON_LITERAL_NULL_CONVERSION = YES;
				CLANG_WARN_OBJC_IMPLICIT_RETAIN_SELF = YES;
				CLANG_WARN_OBJC_LITERAL_CONVERSION = YES;
				CLANG_WARN_OBJC_ROOT_CLASS = YES_ERROR;
				CLANG_WARN_RANGE_LOOP_ANALYSIS = YES;
				CLANG_WARN_STRICT_PROTOTYPES = YES;
				CLANG_WARN_SUSPICIOUS_MOVE = YES;
				CLANG_WARN_UNGUARDED_AVAILABILITY = YES_AGGRESSIVE;
				CLANG_WARN_UNREACHABLE_CODE = YES;
				CLANG_WARN__DUPLICATE_METHOD_MATCH = YES;
				COPY_PHASE_STRIP = NO;
				DEBUG_INFORMATION_FORMAT = dwarf;
				ENABLE_STRICT_OBJC_MSGSEND = YES;
				ENABLE_TESTABILITY = YES;
				GCC_C_LANGUAGE_STANDARD = gnu11;
				GCC_DYNAMIC_NO_PIC = NO;
				GCC_NO_COMMON_BLOCKS = YES;
				GCC_OPTIMIZATION_LEVEL = 0;
				GCC_PREPROCESSOR_DEFINITIONS = (
					"$(inherited)",
					"DEBUG=1",
				);
				GCC_WARN_64_TO_32_BIT_CONVERSION = YES;
				GCC_WARN_ABOUT_RETURN_TYPE = YES_ERROR;
				GCC_WARN_UNDECLARED_SELECTOR = YES;
				GCC_WARN_UNINITIALIZED_AUTOS = YES_AGGRESSIVE;
				GCC_WARN_UNUSED_FUNCTION = YES;
				GCC_WARN_UNUSED_VARIABLE = YES;
				MTL_ENABLE_DEBUG_INFO = YES;
				ONLY_ACTIVE_ARCH = YES;
				PRODUCT_NAME = "$(TARGET_NAME)";
				SDKROOT = iphoneos;
				SWIFT_ACTIVE_COMPILATION_CONDITIONS = DEBUG;
				SWIFT_OPTIMIZATION_LEVEL = "-Onone";
				SWIFT_VERSION = 5.0;
			};
			name = Debug;
		};
		4D64393D6E10595EA81C12AE /* Release */ = {
			isa = XCBuildConfiguration;
			buildSettings = {
				CLANG_ENABLE_MODULES = YES;
				CODE_SIGN_IDENTITY = "";
				CURRENT_PROJECT_VERSION = 1;
				DEFINES_MODULE = YES;
				DYLIB_COMPATIBILITY_VERSION = 1;
				DYLIB_CURRENT_VERSION = 1;
				DYLIB_INSTALL_NAME_BASE = "@rpath";
				FRAMEWORK_SEARCH_PATHS = "$(PROJECT_DIR)/Carthage/Build/iOS";
				INFOPLIST_FILE = Sources/RCam/Info.plist;
				INSTALL_PATH = "$(LOCAL_LIBRARY_DIR)/Frameworks";
				IPHONEOS_DEPLOYMENT_TARGET = 12.0;
				LD_RUNPATH_SEARCH_PATHS = (
					"$(inherited)",
					"@executable_path/Frameworks",
				);
				PRODUCT_BUNDLE_IDENTIFIER = com.rosberry.Rcam;
				PRODUCT_NAME = RCam;
				SDKROOT = iphoneos;
				SKIP_INSTALL = YES;
				SWIFT_VERSION = 5.0;
				TARGETED_DEVICE_FAMILY = "1,2";
				VERSIONING_SYSTEM = "apple-generic";
			};
			name = Release;
		};
		597320BE1A1C77B3EE9BD0BB /* Release */ = {
			isa = XCBuildConfiguration;
			buildSettings = {
				ALWAYS_SEARCH_USER_PATHS = NO;
				CLANG_ANALYZER_NONNULL = YES;
				CLANG_ANALYZER_NUMBER_OBJECT_CONVERSION = YES_AGGRESSIVE;
				CLANG_CXX_LANGUAGE_STANDARD = "gnu++14";
				CLANG_CXX_LIBRARY = "libc++";
				CLANG_ENABLE_MODULES = YES;
				CLANG_ENABLE_OBJC_ARC = YES;
				CLANG_WARN_BLOCK_CAPTURE_AUTORELEASING = YES;
				CLANG_WARN_BOOL_CONVERSION = YES;
				CLANG_WARN_COMMA = YES;
				CLANG_WARN_CONSTANT_CONVERSION = YES;
				CLANG_WARN_DEPRECATED_OBJC_IMPLEMENTATIONS = YES;
				CLANG_WARN_DIRECT_OBJC_ISA_USAGE = YES_ERROR;
				CLANG_WARN_DOCUMENTATION_COMMENTS = YES;
				CLANG_WARN_EMPTY_BODY = YES;
				CLANG_WARN_ENUM_CONVERSION = YES;
				CLANG_WARN_INFINITE_RECURSION = YES;
				CLANG_WARN_INT_CONVERSION = YES;
				CLANG_WARN_NON_LITERAL_NULL_CONVERSION = YES;
				CLANG_WARN_OBJC_IMPLICIT_RETAIN_SELF = YES;
				CLANG_WARN_OBJC_LITERAL_CONVERSION = YES;
				CLANG_WARN_OBJC_ROOT_CLASS = YES_ERROR;
				CLANG_WARN_RANGE_LOOP_ANALYSIS = YES;
				CLANG_WARN_STRICT_PROTOTYPES = YES;
				CLANG_WARN_SUSPICIOUS_MOVE = YES;
				CLANG_WARN_UNGUARDED_AVAILABILITY = YES_AGGRESSIVE;
				CLANG_WARN_UNREACHABLE_CODE = YES;
				CLANG_WARN__DUPLICATE_METHOD_MATCH = YES;
				COPY_PHASE_STRIP = NO;
				DEBUG_INFORMATION_FORMAT = "dwarf-with-dsym";
				ENABLE_NS_ASSERTIONS = NO;
				ENABLE_STRICT_OBJC_MSGSEND = YES;
				GCC_C_LANGUAGE_STANDARD = gnu11;
				GCC_NO_COMMON_BLOCKS = YES;
				GCC_WARN_64_TO_32_BIT_CONVERSION = YES;
				GCC_WARN_ABOUT_RETURN_TYPE = YES_ERROR;
				GCC_WARN_UNDECLARED_SELECTOR = YES;
				GCC_WARN_UNINITIALIZED_AUTOS = YES_AGGRESSIVE;
				GCC_WARN_UNUSED_FUNCTION = YES;
				GCC_WARN_UNUSED_VARIABLE = YES;
				PRODUCT_NAME = "$(TARGET_NAME)";
				SDKROOT = iphoneos;
				SWIFT_COMPILATION_MODE = wholemodule;
				SWIFT_VERSION = 5.0;
				VALIDATE_PRODUCT = YES;
			};
			name = Release;
		};
		6C8C9E7FFE6B03A41A4E4EA1 /* Release */ = {
			isa = XCBuildConfiguration;
			buildSettings = {
				BUNDLE_LOADER = "$(TEST_HOST)";
				INFOPLIST_FILE = Rcam.xcodeproj/RcamTests.plist;
				IPHONEOS_DEPLOYMENT_TARGET = 12.0;
				LD_RUNPATH_SEARCH_PATHS = (
					"$(inherited)",
					"@executable_path/Frameworks",
					"@loader_path/Frameworks",
				);
				PRODUCT_BUNDLE_IDENTIFIER = com.rosberry.RcamTests;
				PRODUCT_NAME = RCamTests;
				SDKROOT = iphoneos;
				TARGETED_DEVICE_FAMILY = "1,2";
			};
			name = Release;
		};
		B75117EBF54DB469A02263D2 /* Debug */ = {
			isa = XCBuildConfiguration;
			buildSettings = {
				CLANG_ENABLE_MODULES = YES;
				CODE_SIGN_IDENTITY = "";
				CURRENT_PROJECT_VERSION = 1;
				DEFINES_MODULE = YES;
				DYLIB_COMPATIBILITY_VERSION = 1;
				DYLIB_CURRENT_VERSION = 1;
				DYLIB_INSTALL_NAME_BASE = "@rpath";
				FRAMEWORK_SEARCH_PATHS = "$(PROJECT_DIR)/Carthage/Build/iOS";
				INFOPLIST_FILE = Sources/RCam/Info.plist;
				INSTALL_PATH = "$(LOCAL_LIBRARY_DIR)/Frameworks";
				IPHONEOS_DEPLOYMENT_TARGET = 12.0;
				LD_RUNPATH_SEARCH_PATHS = (
					"$(inherited)",
					"@executable_path/Frameworks",
				);
				PRODUCT_BUNDLE_IDENTIFIER = com.rosberry.Rcam;
				PRODUCT_NAME = RCam;
				SDKROOT = iphoneos;
				SKIP_INSTALL = YES;
				SWIFT_OPTIMIZATION_LEVEL = "-Onone";
				SWIFT_VERSION = 5.0;
				TARGETED_DEVICE_FAMILY = "1,2";
				VERSIONING_SYSTEM = "apple-generic";
			};
			name = Debug;
		};
/* End XCBuildConfiguration section */

/* Begin XCConfigurationList section */
		3FAF1842C6C01F2145F16C56 /* Build configuration list for PBXProject "RCam" */ = {
			isa = XCConfigurationList;
			buildConfigurations = (
				4168EEC09D1CE37B9A925EA1 /* Debug */,
				597320BE1A1C77B3EE9BD0BB /* Release */,
			);
			defaultConfigurationIsVisible = 0;
			defaultConfigurationName = Debug;
		};
		590EC5910AE0EC61E81271EB /* Build configuration list for PBXNativeTarget "RCamTests" */ = {
			isa = XCConfigurationList;
			buildConfigurations = (
				06F4EE1C2CB73603ABBBFCDF /* Debug */,
				6C8C9E7FFE6B03A41A4E4EA1 /* Release */,
			);
			defaultConfigurationIsVisible = 0;
			defaultConfigurationName = "";
		};
		94A80234A6F09CB0778BFC2B /* Build configuration list for PBXNativeTarget "RCam" */ = {
			isa = XCConfigurationList;
			buildConfigurations = (
				B75117EBF54DB469A02263D2 /* Debug */,
				4D64393D6E10595EA81C12AE /* Release */,
			);
			defaultConfigurationIsVisible = 0;
			defaultConfigurationName = "";
		};
/* End XCConfigurationList section */
	};
	rootObject = BCB23A8B419CD6BF9FC6AE96 /* Project object */;
}
